{
  "name": "tu-systemstatus",
  "version": "1.0.0",
  "lockfileVersion": 1,
  "requires": true,
  "dependencies": {
    "idb": {
      "version": "1.4.0",
      "resolved": "https://registry.npmjs.org/idb/-/idb-1.4.0.tgz",
      "integrity": "sha1-HIEjru+1qhPqvhU9DDDvJEIX5Kg=",
      "dev": true
    }
  }
}
